
Microsoft Visual Studio Solution File, Format Version 12.00
# Visual Studio Version 17
VisualStudioVersion = 17.6.33417.168
MinimumVisualStudioVersion = 10.0.40219.1
Project("{FAE04EC0-301F-11D3-BF4B-00C04F79EFBC}") = "Duendes", "Duendes\Duendes.csproj", "{0BF86031-90C9-453C-AA14-F875E1023A95}"
EndProject
Project("{FAE04EC0-301F-11D3-BF4B-00C04F79EFBC}") = "Ej1", "Ej1\Ej1.csproj", "{7571DAAC-C582-41B1-AE9D-32FC775E114A}"
EndProject
Project("{2150E333-8FDC-42A3-9474-1A3956D46DE8}") = "Ej_herencia", "Ej_herencia", "{DE773B98-6E2C-4D45-BEF5-AD75FA62FE6B}"
EndProject
Project("{FAE04EC0-301F-11D3-BF4B-00C04F79EFBC}") = "Ej2", "Ej2\Ej2.csproj", "{CD9C1D79-B168-42D0-9098-EAC1CE04C041}"
EndProject
Project("{FAE04EC0-301F-11D3-BF4B-00C04F79EFBC}") = "Ej3", "Ej3\Ej3.csproj", "{FC9005FA-D02E-4BFF-AFA7-3E66335F1F48}"
EndProject
Project("{FAE04EC0-301F-11D3-BF4B-00C04F79EFBC}") = "Ej4", "Ej4\Ej4.csproj", "{5F6F7731-7480-459E-9BA8-A49695A6778B}"
EndProject
Project("{2150E333-8FDC-42A3-9474-1A3956D46DE8}") = "Ejercicios_Clasess", "Ejercicios_Clasess", "{213A6DE8-4CC0-4EB4-BDBB-6A06736DE426}"
EndProject
Project("{FAE04EC0-301F-11D3-BF4B-00C04F79EFBC}") = "Ej5", "Ej5\Ej5.csproj", "{B4FF19E3-0DC4-4E1E-9768-DD75B93C4364}"
EndProject
Project("{FAE04EC0-301F-11D3-BF4B-00C04F79EFBC}") = "Ejercicio_Discord_Saul", "Ejercicio_Discord_Saul\Ejercicio_Discord_Saul.csproj", "{701F9E4A-9648-484B-B01E-9B0AF09E36E4}"
EndProject
Project("{FAE04EC0-301F-11D3-BF4B-00C04F79EFBC}") = "Ej_Random", "Ej_Random\Ej_Random.csproj", "{E038AB40-4A00-49DE-AED8-D1882455A1C2}"
EndProject
Project("{FAE04EC0-301F-11D3-BF4B-00C04F79EFBC}") = "Ej_Recursividad_4", "Ej_Recursividad_4\Ej_Recursividad_4.csproj", "{6516E644-671B-4C70-A21D-E68A1E231137}"
EndProject
Project("{FAE04EC0-301F-11D3-BF4B-00C04F79EFBC}") = "Ej7", "Ej7\Ej7.csproj", "{A443E007-5228-49D1-9DB3-BA0BCF6060A1}"
EndProject
Global
	GlobalSection(SolutionConfigurationPlatforms) = preSolution
		Debug|Any CPU = Debug|Any CPU
		Release|Any CPU = Release|Any CPU
	EndGlobalSection
	GlobalSection(ProjectConfigurationPlatforms) = postSolution
		{0BF86031-90C9-453C-AA14-F875E1023A95}.Debug|Any CPU.ActiveCfg = Debug|Any CPU
		{0BF86031-90C9-453C-AA14-F875E1023A95}.Debug|Any CPU.Build.0 = Debug|Any CPU
		{0BF86031-90C9-453C-AA14-F875E1023A95}.Release|Any CPU.ActiveCfg = Release|Any CPU
		{0BF86031-90C9-453C-AA14-F875E1023A95}.Release|Any CPU.Build.0 = Release|Any CPU
		{7571DAAC-C582-41B1-AE9D-32FC775E114A}.Debug|Any CPU.ActiveCfg = Debug|Any CPU
		{7571DAAC-C582-41B1-AE9D-32FC775E114A}.Debug|Any CPU.Build.0 = Debug|Any CPU
		{7571DAAC-C582-41B1-AE9D-32FC775E114A}.Release|Any CPU.ActiveCfg = Release|Any CPU
		{7571DAAC-C582-41B1-AE9D-32FC775E114A}.Release|Any CPU.Build.0 = Release|Any CPU
		{CD9C1D79-B168-42D0-9098-EAC1CE04C041}.Debug|Any CPU.ActiveCfg = Debug|Any CPU
		{CD9C1D79-B168-42D0-9098-EAC1CE04C041}.Debug|Any CPU.Build.0 = Debug|Any CPU
		{CD9C1D79-B168-42D0-9098-EAC1CE04C041}.Release|Any CPU.ActiveCfg = Release|Any CPU
		{CD9C1D79-B168-42D0-9098-EAC1CE04C041}.Release|Any CPU.Build.0 = Release|Any CPU
		{FC9005FA-D02E-4BFF-AFA7-3E66335F1F48}.Debug|Any CPU.ActiveCfg = Debug|Any CPU
		{FC9005FA-D02E-4BFF-AFA7-3E66335F1F48}.Debug|Any CPU.Build.0 = Debug|Any CPU
		{FC9005FA-D02E-4BFF-AFA7-3E66335F1F48}.Release|Any CPU.ActiveCfg = Release|Any CPU
		{FC9005FA-D02E-4BFF-AFA7-3E66335F1F48}.Release|Any CPU.Build.0 = Release|Any CPU
		{5F6F7731-7480-459E-9BA8-A49695A6778B}.Debug|Any CPU.ActiveCfg = Debug|Any CPU
		{5F6F7731-7480-459E-9BA8-A49695A6778B}.Debug|Any CPU.Build.0 = Debug|Any CPU
		{5F6F7731-7480-459E-9BA8-A49695A6778B}.Release|Any CPU.ActiveCfg = Release|Any CPU
		{5F6F7731-7480-459E-9BA8-A49695A6778B}.Release|Any CPU.Build.0 = Release|Any CPU
		{B4FF19E3-0DC4-4E1E-9768-DD75B93C4364}.Debug|Any CPU.ActiveCfg = Debug|Any CPU
		{B4FF19E3-0DC4-4E1E-9768-DD75B93C4364}.Debug|Any CPU.Build.0 = Debug|Any CPU
		{B4FF19E3-0DC4-4E1E-9768-DD75B93C4364}.Release|Any CPU.ActiveCfg = Release|Any CPU
		{B4FF19E3-0DC4-4E1E-9768-DD75B93C4364}.Release|Any CPU.Build.0 = Release|Any CPU
		{701F9E4A-9648-484B-B01E-9B0AF09E36E4}.Debug|Any CPU.ActiveCfg = Debug|Any CPU
		{701F9E4A-9648-484B-B01E-9B0AF09E36E4}.Debug|Any CPU.Build.0 = Debug|Any CPU
		{701F9E4A-9648-484B-B01E-9B0AF09E36E4}.Release|Any CPU.ActiveCfg = Release|Any CPU
		{701F9E4A-9648-484B-B01E-9B0AF09E36E4}.Release|Any CPU.Build.0 = Release|Any CPU
		{E038AB40-4A00-49DE-AED8-D1882455A1C2}.Debug|Any CPU.ActiveCfg = Debug|Any CPU
		{E038AB40-4A00-49DE-AED8-D1882455A1C2}.Debug|Any CPU.Build.0 = Debug|Any CPU
		{E038AB40-4A00-49DE-AED8-D1882455A1C2}.Release|Any CPU.ActiveCfg = Release|Any CPU
		{E038AB40-4A00-49DE-AED8-D1882455A1C2}.Release|Any CPU.Build.0 = Release|Any CPU
		{6516E644-671B-4C70-A21D-E68A1E231137}.Debug|Any CPU.ActiveCfg = Debug|Any CPU
		{6516E644-671B-4C70-A21D-E68A1E231137}.Debug|Any CPU.Build.0 = Debug|Any CPU
		{6516E644-671B-4C70-A21D-E68A1E231137}.Release|Any CPU.ActiveCfg = Release|Any CPU
		{6516E644-671B-4C70-A21D-E68A1E231137}.Release|Any CPU.Build.0 = Release|Any CPU
		{A443E007-5228-49D1-9DB3-BA0BCF6060A1}.Debug|Any CPU.ActiveCfg = Debug|Any CPU
		{A443E007-5228-49D1-9DB3-BA0BCF6060A1}.Debug|Any CPU.Build.0 = Debug|Any CPU
		{A443E007-5228-49D1-9DB3-BA0BCF6060A1}.Release|Any CPU.ActiveCfg = Release|Any CPU
		{A443E007-5228-49D1-9DB3-BA0BCF6060A1}.Release|Any CPU.Build.0 = Release|Any CPU
	EndGlobalSection
	GlobalSection(SolutionProperties) = preSolution
		HideSolutionNode = FALSE
	EndGlobalSection
	GlobalSection(NestedProjects) = preSolution
		{0BF86031-90C9-453C-AA14-F875E1023A95} = {213A6DE8-4CC0-4EB4-BDBB-6A06736DE426}
		{7571DAAC-C582-41B1-AE9D-32FC775E114A} = {DE773B98-6E2C-4D45-BEF5-AD75FA62FE6B}
		{CD9C1D79-B168-42D0-9098-EAC1CE04C041} = {DE773B98-6E2C-4D45-BEF5-AD75FA62FE6B}
		{FC9005FA-D02E-4BFF-AFA7-3E66335F1F48} = {DE773B98-6E2C-4D45-BEF5-AD75FA62FE6B}
		{5F6F7731-7480-459E-9BA8-A49695A6778B} = {DE773B98-6E2C-4D45-BEF5-AD75FA62FE6B}
		{B4FF19E3-0DC4-4E1E-9768-DD75B93C4364} = {213A6DE8-4CC0-4EB4-BDBB-6A06736DE426}
	EndGlobalSection
	GlobalSection(ExtensibilityGlobals) = postSolution
		SolutionGuid = {FF0F1C2A-710E-40D6-9B60-7E68DBA64AB2}
	EndGlobalSection
EndGlobal
